
Microsoft Visual Studio Solution File, Format Version 12.00
# Visual Studio Version 16
VisualStudioVersion = 16.0.28711.60
MinimumVisualStudioVersion = 10.0.40219.1
Project("{9A19103F-16F7-4668-BE54-9A1E7A4F7556}") = "Acheve.Authentication.Events", "Acheve.Authentication.Events\Acheve.Authentication.Events.csproj", "{EEA007BC-DED8-4E4B-A941-E4C6F883A84D}"
EndProject
Global
	GlobalSection(SolutionConfigurationPlatforms) = preSolution
		Debug|Any CPU = Debug|Any CPU
		Release|Any CPU = Release|Any CPU
	EndGlobalSection
	GlobalSection(ProjectConfigurationPlatforms) = postSolution
		{EEA007BC-DED8-4E4B-A941-E4C6F883A84D}.Debug|Any CPU.ActiveCfg = Debug|Any CPU
		{EEA007BC-DED8-4E4B-A941-E4C6F883A84D}.Debug|Any CPU.Build.0 = Debug|Any CPU
		{EEA007BC-DED8-4E4B-A941-E4C6F883A84D}.Release|Any CPU.ActiveCfg = Release|Any CPU
		{EEA007BC-DED8-4E4B-A941-E4C6F883A84D}.Release|Any CPU.Build.0 = Release|Any CPU
	EndGlobalSection
	GlobalSection(SolutionProperties) = preSolution
		HideSolutionNode = FALSE
	EndGlobalSection
	GlobalSection(ExtensibilityGlobals) = postSolution
		SolutionGuid = {717ECA87-91A8-46E3-B3F8-1A448CCA5F77}
	EndGlobalSection
EndGlobal
